
Microsoft Visual Studio Solution File, Format Version 12.00
# Visual Studio Version 17
VisualStudioVersion = 17.3.32922.545
MinimumVisualStudioVersion = 10.0.40219.1
Project("{FAE04EC0-301F-11D3-BF4B-00C04F79EFBC}") = "Lab1", "Lab1\Lab1.csproj", "{BDA434ED-D190-4F41-A16E-E0F6B5F90CF4}"
EndProject
Global
	GlobalSection(SolutionConfigurationPlatforms) = preSolution
		Debug|Any CPU = Debug|Any CPU
		Release|Any CPU = Release|Any CPU
	EndGlobalSection
	GlobalSection(ProjectConfigurationPlatforms) = postSolution
		{BDA434ED-D190-4F41-A16E-E0F6B5F90CF4}.Debug|Any CPU.ActiveCfg = Debug|Any CPU
		{BDA434ED-D190-4F41-A16E-E0F6B5F90CF4}.Debug|Any CPU.Build.0 = Debug|Any CPU
		{BDA434ED-D190-4F41-A16E-E0F6B5F90CF4}.Release|Any CPU.ActiveCfg = Release|Any CPU
		{BDA434ED-D190-4F41-A16E-E0F6B5F90CF4}.Release|Any CPU.Build.0 = Release|Any CPU
	EndGlobalSection
	GlobalSection(SolutionProperties) = preSolution
		HideSolutionNode = FALSE
	EndGlobalSection
	GlobalSection(ExtensibilityGlobals) = postSolution
		SolutionGuid = {35A68C93-654C-41D9-8AF8-CF4DA5B88B87}
	EndGlobalSection
EndGlobal
